// !$*UTF8*$!
{
	archiveVersion = 1;
	classes = {
	};
	objectVersion = 46;
	objects = {

/* Begin PBXBuildFile section */
		F7B661D01F70FDE50004C464 /* AppDelegate.swift in Sources */ = {isa = PBXBuildFile; fileRef = F7B661CF1F70FDE50004C464 /* AppDelegate.swift */; };
		F7B661D21F70FDE50004C464 /* ViewController.swift in Sources */ = {isa = PBXBuildFile; fileRef = F7B661D11F70FDE50004C464 /* ViewController.swift */; };
		F7B661D51F70FDE50004C464 /* Main.storyboard in Resources */ = {isa = PBXBuildFile; fileRef = F7B661D31F70FDE50004C464 /* Main.storyboard */; };
		F7B661D71F70FDE50004C464 /* Assets.xcassets in Resources */ = {isa = PBXBuildFile; fileRef = F7B661D61F70FDE50004C464 /* Assets.xcassets */; };
		F7B661DA1F70FDE50004C464 /* LaunchScreen.storyboard in Resources */ = {isa = PBXBuildFile; fileRef = F7B661D81F70FDE50004C464 /* LaunchScreen.storyboard */; };
/* End PBXBuildFile section */

/* Begin PBXFileReference section */
		F7B661CC1F70FDE50004C464 /* myApp09.app */ = {isa = PBXFileReference; explicitFileType = wrapper.application; includeInIndex = 0; path = myApp09.app; sourceTree = BUILT_PRODUCTS_DIR; };
		F7B661CF1F70FDE50004C464 /* AppDelegate.swift */ = {isa = PBXFileReference; lastKnownFileType = sourcecode.swift; path = AppDelegate.swift; sourceTree = "<group>"; };
		F7B661D11F70FDE50004C464 /* ViewController.swift */ = {isa = PBXFileReference; lastKnownFileType = sourcecode.swift; path = ViewController.swift; sourceTree = "<group>"; };
		F7B661D41F70FDE50004C464 /* Base */ = {isa = PBXFileReference; lastKnownFileType = file.storyboard; name = Base; path = Base.lproj/Main.storyboard; sourceTree = "<group>"; };
		F7B661D61F70FDE50004C464 /* Assets.xcassets */ = {isa = PBXFileReference; lastKnownFileType = folder.assetcatalog; path = Assets.xcassets; sourceTree = "<group>"; };
		F7B661D91F70FDE50004C464 /* Base */ = {isa = PBXFileReference; lastKnownFileType = file.storyboard; name = Base; path = Base.lproj/LaunchScreen.storyboard; sourceTree = "<group>"; };
		F7B661DB1F70FDE50004C464 /* Info.plist */ = {isa = PBXFileReference; lastKnownFileType = text.plist.xml; path = Info.plist; sourceTree = "<group>"; };
/* End PBXFileReference section */

/* Begin PBXFrameworksBuildPhase section */
		F7B661C91F70FDE50004C464 /* Frameworks */ = {
			isa = PBXFrameworksBuildPhase;
			buildActionMask = 2147483647;
			files = (
			);
			runOnlyForDeploymentPostprocessing = 0;
		};
/* End PBXFrameworksBuildPhase section */

/* Begin PBXGroup section */
		F7B661C31F70FDE50004C464 = {
			isa = PBXGroup;
			children = (
				F7B661CE1F70FDE50004C464 /* myApp09 */,
				F7B661CD1F70FDE50004C464 /* Products */,
			);
			sourceTree = "<group>";
		};
		F7B661CD1F70FDE50004C464 /* Products */ = {
			isa = PBXGroup;
			children = (
				F7B661CC1F70FDE50004C464 /* myApp09.app */,
			);
			name = Products;
			sourceTree = "<group>";
		};
		F7B661CE1F70FDE50004C464 /* myApp09 */ = {
			isa = PBXGroup;
			children = (
				F7B661CF1F70FDE50004C464 /* AppDelegate.swift */,
				F7B661D11F70FDE50004C464 /* ViewController.swift */,
				F7B661D31F70FDE50004C464 /* Main.storyboard */,
				F7B661D61F70FDE50004C464 /* Assets.xcassets */,
				F7B661D81F70FDE50004C464 /* LaunchScreen.storyboard */,
				F7B661DB1F70FDE50004C464 /* Info.plist */,
			);
			path = myApp09;
			sourceTree = "<group>";
		};
/* End PBXGroup section */

/* Begin PBXNativeTarget section */
		F7B661CB1F70FDE50004C464 /* myApp09 */ = {
			isa = PBXNativeTarget;
			buildConfigurationList = F7B661DE1F70FDE50004C464 /* Build configuration list for PBXNativeTarget "myApp09" */;
			buildPhases = (
				F7B661C81F70FDE50004C464 /* Sources */,
				F7B661C91F70FDE50004C464 /* Frameworks */,
				F7B661CA1F70FDE50004C464 /* Resources */,
			);
			buildRules = (
			);
			dependencies = (
			);
			name = myApp09;
			productName = myApp09;
			productReference = F7B661CC1F70FDE50004C464 /* myApp09.app */;
			productType = "com.apple.product-type.application";
		};
/* End PBXNativeTarget section */

/* Begin PBXProject section */
		F7B661C41F70FDE50004C464 /* Project object */ = {
			isa = PBXProject;
			attributes = {
				LastSwiftUpdateCheck = 0830;
				LastUpgradeCheck = 0830;
				ORGANIZATIONNAME = "江禮安";
				TargetAttributes = {
					F7B661CB1F70FDE50004C464 = {
						CreatedOnToolsVersion = 8.3.3;
						DevelopmentTeam = Q93W45466P;
						ProvisioningStyle = Automatic;
					};
				};
			};
			buildConfigurationList = F7B661C71F70FDE50004C464 /* Build configuration list for PBXProject "myApp09" */;
			compatibilityVersion = "Xcode 3.2";
			developmentRegion = English;
			hasScannedForEncodings = 0;
			knownRegions = (
				en,
				Base,
			);
			mainGroup = F7B661C31F70FDE50004C464;
			productRefGroup = F7B661CD1F70FDE50004C464 /* Products */;
			projectDirPath = "";
			projectRoot = "";
			targets = (
				F7B661CB1F70FDE50004C464 /* myApp09 */,
			);
		};
/* End PBXProject section */

/* Begin PBXResourcesBuildPhase section */
		F7B661CA1F70FDE50004C464 /* Resources */ = {
			isa = PBXResourcesBuildPhase;
			buildActionMask = 2147483647;
			files = (
				F7B661DA1F70FDE50004C464 /* LaunchScreen.storyboard in Resources */,
				F7B661D71F70FDE50004C464 /* Assets.xcassets in Resources */,
				F7B661D51F70FDE50004C464 /* Main.storyboard in Resources */,
			);
			runOnlyForDeploymentPostprocessing = 0;
		};
/* End PBXResourcesBuildPhase section */

/* Begin PBXSourcesBuildPhase section */
		F7B661C81F70FDE50004C464 /* Sources */ = {
			isa = PBXSourcesBuildPhase;
			buildActionMask = 2147483647;
			files = (
				F7B661D21F70FDE50004C464 /* ViewController.swift in Sources */,
				F7B661D01F70FDE50004C464 /* AppDelegate.swift in Sources */,
			);
			runOnlyForDeploymentPostprocessing = 0;
		};
/* End PBXSourcesBuildPhase section */

/* Begin PBXVariantGroup section */
		F7B661D31F70FDE50004C464 /* Main.storyboard */ = {
			isa = PBXVariantGroup;
			children = (
				F7B661D41F70FDE50004C464 /* Base */,
			);
			name = Main.storyboard;
			sourceTree = "<group>";
		};
		F7B661D81F70FDE50004C464 /* LaunchScreen.storyboard */ = {
			isa = PBXVariantGroup;
			children = (
				F7B661D91F70FDE50004C464 /* Base */,
			);
			name = LaunchScreen.storyboard;
			sourceTree = "<group>";
		};
/* End PBXVariantGroup section */

/* Begin XCBuildConfiguration section */
		F7B661DC1F70FDE50004C464 /* Debug */ = {
			isa = XCBuildConfiguration;
			buildSettings = {
				ALWAYS_SEARCH_USER_PATHS = NO;
				CLANG_ANALYZER_NONNULL = YES;
				CLANG_ANALYZER_NUMBER_OBJECT_CONVERSION = YES_AGGRESSIVE;
				CLANG_CXX_LANGUAGE_STANDARD = "gnu++0x";
				CLANG_CXX_LIBRARY = "libc++";
				CLANG_ENABLE_MODULES = YES;
				CLANG_ENABLE_OBJC_ARC = YES;
				CLANG_WARN_BOOL_CONVERSION = YES;
				CLANG_WARN_CONSTANT_CONVERSION = YES;
				CLANG_WARN_DIRECT_OBJC_ISA_USAGE = YES_ERROR;
				CLANG_WARN_DOCUMENTATION_COMMENTS = YES;
				CLANG_WARN_EMPTY_BODY = YES;
				CLANG_WARN_ENUM_CONVERSION = YES;
				CLANG_WARN_INFINITE_RECURSION = YES;
				CLANG_WARN_INT_CONVERSION = YES;
				CLANG_WARN_OBJC_ROOT_CLASS = YES_ERROR;
				CLANG_WARN_SUSPICIOUS_MOVE = YES;
				CLANG_WARN_UNREACHABLE_CODE = YES;
				CLANG_WARN__DUPLICATE_METHOD_MATCH = YES;
				"CODE_SIGN_IDENTITY[sdk=iphoneos*]" = "iPhone Developer";
				COPY_PHASE_STRIP = NO;
				DEBUG_INFORMATION_FORMAT = dwarf;
				ENABLE_STRICT_OBJC_MSGSEND = YES;
				ENABLE_TESTABILITY = YES;
				GCC_C_LANGUAGE_STANDARD = gnu99;
				GCC_DYNAMIC_NO_PIC = NO;
				GCC_NO_COMMON_BLOCKS = YES;
				GCC_OPTIMIZATION_LEVEL = 0;
				GCC_PREPROCESSOR_DEFINITIONS = (
					"DEBUG=1",
					"$(inherited)",
				);
				GCC_WARN_64_TO_32_BIT_CONVERSION = YES;
				GCC_WARN_ABOUT_RETURN_TYPE = YES_ERROR;
				GCC_WARN_UNDECLARED_SELECTOR = YES;
				GCC_WARN_UNINITIALIZED_AUTOS = YES_AGGRESSIVE;
				GCC_WARN_UNUSED_FUNCTION = YES;
				GCC_WARN_UNUSED_VARIABLE = YES;
				IPHONEOS_DEPLOYMENT_TARGET = 10.3;
				MTL_ENABLE_DEBUG_INFO = YES;
				ONLY_ACTIVE_ARCH = YES;
				SDKROOT = iphoneos;
				SWIFT_ACTIVE_COMPILATION_CONDITIONS = DEBUG;
				SWIFT_OPTIMIZATION_LEVEL = "-Onone";
				TARGETED_DEVICE_FAMILY = "1,2";
			};
			name = Debug;
		};
		F7B661DD1F70FDE50004C464 /* Release */ = {
			isa = XCBuildConfiguration;
			buildSettings = {
				ALWAYS_SEARCH_USER_PATHS = NO;
				CLANG_ANALYZER_NONNULL = YES;
				CLANG_ANALYZER_NUMBER_OBJECT_CONVERSION = YES_AGGRESSIVE;
				CLANG_CXX_LANGUAGE_STANDARD = "gnu++0x";
				CLANG_CXX_LIBRARY = "libc++";
				CLANG_ENABLE_MODULES = YES;
				CLANG_ENABLE_OBJC_ARC = YES;
				CLANG_WARN_BOOL_CONVERSION = YES;
				CLANG_WARN_CONSTANT_CONVERSION = YES;
				CLANG_WARN_DIRECT_OBJC_ISA_USAGE = YES_ERROR;
				CLANG_WARN_DOCUMENTATION_COMMENTS = YES;
				CLANG_WARN_EMPTY_BODY = YES;
				CLANG_WARN_ENUM_CONVERSION = YES;
				CLANG_WARN_INFINITE_RECURSION = YES;
				CLANG_WARN_INT_CONVERSION = YES;
				CLANG_WARN_OBJC_ROOT_CLASS = YES_ERROR;
				CLANG_WARN_SUSPICIOUS_MOVE = YES;
				CLANG_WARN_UNREACHABLE_CODE = YES;
				CLANG_WARN__DUPLICATE_METHOD_MATCH = YES;
				"CODE_SIGN_IDENTITY[sdk=iphoneos*]" = "iPhone Developer";
				COPY_PHASE_STRIP = NO;
				DEBUG_INFORMATION_FORMAT = "dwarf-with-dsym";
				ENABLE_NS_ASSERTIONS = NO;
				ENABLE_STRICT_OBJC_MSGSEND = YES;
				GCC_C_LANGUAGE_STANDARD = gnu99;
				GCC_NO_COMMON_BLOCKS = YES;
				GCC_WARN_64_TO_32_BIT_CONVERSION = YES;
				GCC_WARN_ABOUT_RETURN_TYPE = YES_ERROR;
				GCC_WARN_UNDECLARED_SELECTOR = YES;
				GCC_WARN_UNINITIALIZED_AUTOS = YES_AGGRESSIVE;
				GCC_WARN_UNUSED_FUNCTION = YES;
				GCC_WARN_UNUSED_VARIABLE = YES;
				IPHONEOS_DEPLOYMENT_TARGET = 10.3;
				MTL_ENABLE_DEBUG_INFO = NO;
				SDKROOT = iphoneos;
				SWIFT_OPTIMIZATION_LEVEL = "-Owholemodule";
				TARGETED_DEVICE_FAMILY = "1,2";
				VALIDATE_PRODUCT = YES;
			};
			name = Release;
		};
		F7B661DF1F70FDE50004C464 /* Debug */ = {
			isa = XCBuildConfiguration;
			buildSettings = {
				ASSETCATALOG_COMPILER_APPICON_NAME = AppIcon;
				DEVELOPMENT_TEAM = Q93W45466P;
				INFOPLIST_FILE = myApp09/Info.plist;
				LD_RUNPATH_SEARCH_PATHS = "$(inherited) @executable_path/Frameworks";
				PRODUCT_BUNDLE_IDENTIFIER = tw.org.iiiedu.taichung.myApp09;
				PRODUCT_NAME = "$(TARGET_NAME)";
				SWIFT_VERSION = 3.0;
			};
			name = Debug;
		};
		F7B661E01F70FDE50004C464 /* Release */ = {
			isa = XCBuildConfiguration;
			buildSettings = {
				ASSETCATALOG_COMPILER_APPICON_NAME = AppIcon;
				DEVELOPMENT_TEAM = Q93W45466P;
				INFOPLIST_FILE = myApp09/Info.plist;
				LD_RUNPATH_SEARCH_PATHS = "$(inherited) @executable_path/Frameworks";
				PRODUCT_BUNDLE_IDENTIFIER = tw.org.iiiedu.taichung.myApp09;
				PRODUCT_NAME = "$(TARGET_NAME)";
				SWIFT_VERSION = 3.0;
			};
			name = Release;
		};
/* End XCBuildConfiguration section */

/* Begin XCConfigurationList section */
		F7B661C71F70FDE50004C464 /* Build configuration list for PBXProject "myApp09" */ = {
			isa = XCConfigurationList;
			buildConfigurations = (
				F7B661DC1F70FDE50004C464 /* Debug */,
				F7B661DD1F70FDE50004C464 /* Release */,
			);
			defaultConfigurationIsVisible = 0;
			defaultConfigurationName = Release;
		};
		F7B661DE1F70FDE50004C464 /* Build configuration list for PBXNativeTarget "myApp09" */ = {
			isa = XCConfigurationList;
			buildConfigurations = (
				F7B661DF1F70FDE50004C464 /* Debug */,
				F7B661E01F70FDE50004C464 /* Release */,
			);
			defaultConfigurationIsVisible = 0;
		};
/* End XCConfigurationList section */
	};
	rootObject = F7B661C41F70FDE50004C464 /* Project object */;
}
